
Microsoft Visual Studio Solution File, Format Version 12.00
# Visual Studio Version 17
VisualStudioVersion = 17.3.32929.385
MinimumVisualStudioVersion = 10.0.40219.1
Project("{FAE04EC0-301F-11D3-BF4B-00C04F79EFBC}") = "Quiz2", "Quiz2\Quiz2.csproj", "{0B6C3B1F-82F0-4056-974E-267E23668C71}"
EndProject
Project("{9A19103F-16F7-4668-BE54-9A1E7A4F7556}") = "TicTacToeControls", "TicTacToeControls vQuiz\TicTacToeControls.csproj", "{7A885219-12DC-4963-990E-0E8C99F348D9}"
EndProject
Global
	GlobalSection(SolutionConfigurationPlatforms) = preSolution
		Debug|Any CPU = Debug|Any CPU
		Release|Any CPU = Release|Any CPU
	EndGlobalSection
	GlobalSection(ProjectConfigurationPlatforms) = postSolution
		{0B6C3B1F-82F0-4056-974E-267E23668C71}.Debug|Any CPU.ActiveCfg = Debug|Any CPU
		{0B6C3B1F-82F0-4056-974E-267E23668C71}.Debug|Any CPU.Build.0 = Debug|Any CPU
		{0B6C3B1F-82F0-4056-974E-267E23668C71}.Release|Any CPU.ActiveCfg = Release|Any CPU
		{0B6C3B1F-82F0-4056-974E-267E23668C71}.Release|Any CPU.Build.0 = Release|Any CPU
		{7A885219-12DC-4963-990E-0E8C99F348D9}.Debug|Any CPU.ActiveCfg = Debug|Any CPU
		{7A885219-12DC-4963-990E-0E8C99F348D9}.Debug|Any CPU.Build.0 = Debug|Any CPU
		{7A885219-12DC-4963-990E-0E8C99F348D9}.Release|Any CPU.ActiveCfg = Release|Any CPU
		{7A885219-12DC-4963-990E-0E8C99F348D9}.Release|Any CPU.Build.0 = Release|Any CPU
	EndGlobalSection
	GlobalSection(SolutionProperties) = preSolution
		HideSolutionNode = FALSE
	EndGlobalSection
	GlobalSection(ExtensibilityGlobals) = postSolution
		SolutionGuid = {2888179A-5B09-4811-AF22-FC687484CBE8}
	EndGlobalSection
EndGlobal
