
Microsoft Visual Studio Solution File, Format Version 12.00
# Visual Studio Version 17
VisualStudioVersion = 17.4.33103.184
MinimumVisualStudioVersion = 10.0.40219.1
Project("{FAE04EC0-301F-11D3-BF4B-00C04F79EFBC}") = "View", "FireRnR\View.csproj", "{61D1BA74-3807-48EF-A808-3CDB95A1914E}"
EndProject
Project("{FAE04EC0-301F-11D3-BF4B-00C04F79EFBC}") = "Model", "Model\Model.csproj", "{581ED002-7F88-43AC-8F46-6D973C19D3E1}"
EndProject
Global
	GlobalSection(SolutionConfigurationPlatforms) = preSolution
		Debug|Any CPU = Debug|Any CPU
		Release|Any CPU = Release|Any CPU
	EndGlobalSection
	GlobalSection(ProjectConfigurationPlatforms) = postSolution
		{61D1BA74-3807-48EF-A808-3CDB95A1914E}.Debug|Any CPU.ActiveCfg = Debug|Any CPU
		{61D1BA74-3807-48EF-A808-3CDB95A1914E}.Debug|Any CPU.Build.0 = Debug|Any CPU
		{61D1BA74-3807-48EF-A808-3CDB95A1914E}.Release|Any CPU.ActiveCfg = Release|Any CPU
		{61D1BA74-3807-48EF-A808-3CDB95A1914E}.Release|Any CPU.Build.0 = Release|Any CPU
		{581ED002-7F88-43AC-8F46-6D973C19D3E1}.Debug|Any CPU.ActiveCfg = Debug|Any CPU
		{581ED002-7F88-43AC-8F46-6D973C19D3E1}.Debug|Any CPU.Build.0 = Debug|Any CPU
		{581ED002-7F88-43AC-8F46-6D973C19D3E1}.Release|Any CPU.ActiveCfg = Release|Any CPU
		{581ED002-7F88-43AC-8F46-6D973C19D3E1}.Release|Any CPU.Build.0 = Release|Any CPU
	EndGlobalSection
	GlobalSection(SolutionProperties) = preSolution
		HideSolutionNode = FALSE
	EndGlobalSection
	GlobalSection(ExtensibilityGlobals) = postSolution
		SolutionGuid = {130564B0-B68E-4561-BEEE-F5B1182A9F86}
	EndGlobalSection
EndGlobal
